
Microsoft Visual Studio Solution File, Format Version 12.00
# Visual Studio Version 17
VisualStudioVersion = 17.8.34309.116
MinimumVisualStudioVersion = 10.0.40219.1
Project("{9A19103F-16F7-4668-BE54-9A1E7A4F7556}") = "Aspire.FileUploadPOC", "POC\Aspire.FileUploadPOC.csproj", "{B4F91CBB-056A-43FD-A44E-324ABD7F4066}"
EndProject
Project("{9A19103F-16F7-4668-BE54-9A1E7A4F7556}") = "Aspire.FileUploadPOC.APIServer", "POC.APIServer\Aspire.FileUploadPOC.APIServer.csproj", "{622E991E-5B19-4973-AFEF-F191BFA3FFD4}"
EndProject
Global
	GlobalSection(SolutionConfigurationPlatforms) = preSolution
		Debug|Any CPU = Debug|Any CPU
		Release|Any CPU = Release|Any CPU
	EndGlobalSection
	GlobalSection(ProjectConfigurationPlatforms) = postSolution
		{B4F91CBB-056A-43FD-A44E-324ABD7F4066}.Debug|Any CPU.ActiveCfg = Debug|Any CPU
		{B4F91CBB-056A-43FD-A44E-324ABD7F4066}.Debug|Any CPU.Build.0 = Debug|Any CPU
		{B4F91CBB-056A-43FD-A44E-324ABD7F4066}.Release|Any CPU.ActiveCfg = Release|Any CPU
		{B4F91CBB-056A-43FD-A44E-324ABD7F4066}.Release|Any CPU.Build.0 = Release|Any CPU
		{622E991E-5B19-4973-AFEF-F191BFA3FFD4}.Debug|Any CPU.ActiveCfg = Debug|Any CPU
		{622E991E-5B19-4973-AFEF-F191BFA3FFD4}.Debug|Any CPU.Build.0 = Debug|Any CPU
		{622E991E-5B19-4973-AFEF-F191BFA3FFD4}.Release|Any CPU.ActiveCfg = Release|Any CPU
		{622E991E-5B19-4973-AFEF-F191BFA3FFD4}.Release|Any CPU.Build.0 = Release|Any CPU
	EndGlobalSection
	GlobalSection(SolutionProperties) = preSolution
		HideSolutionNode = FALSE
	EndGlobalSection
	GlobalSection(ExtensibilityGlobals) = postSolution
		SolutionGuid = {0C73AA5B-C59C-4C92-AB6B-1D530B9178C7}
	EndGlobalSection
EndGlobal
